
Microsoft Visual Studio Solution File, Format Version 12.00
Project("{FAE04EC0-301F-11D3-BF4B-00C04F79EFBC}") = "Products.Entities", "Products.Entities\Products.Entities.csproj", "{1A55FF0E-024E-424A-B34D-C0CB951CFD50}"
EndProject
Project("{FAE04EC0-301F-11D3-BF4B-00C04F79EFBC}") = "Products.DataAccess", "Products.DataAccess\Products.DataAccess.csproj", "{E2DDD1C7-2E82-460A-ACB0-D59DD400F971}"
EndProject
Project("{FAE04EC0-301F-11D3-BF4B-00C04F79EFBC}") = "Products.Business", "Products.Business\Products.Business.csproj", "{AB243F07-563C-40D4-AB6F-A88F914D9872}"
EndProject
Project("{FAE04EC0-301F-11D3-BF4B-00C04F79EFBC}") = "Products.API", "Products.API\Products.API.csproj", "{BDAEC8EB-3933-4FC5-9088-0137585AD933}"
EndProject
Global
	GlobalSection(SolutionConfigurationPlatforms) = preSolution
		Debug|Any CPU = Debug|Any CPU
		Release|Any CPU = Release|Any CPU
	EndGlobalSection
	GlobalSection(ProjectConfigurationPlatforms) = postSolution
		{1A55FF0E-024E-424A-B34D-C0CB951CFD50}.Debug|Any CPU.ActiveCfg = Debug|Any CPU
		{1A55FF0E-024E-424A-B34D-C0CB951CFD50}.Debug|Any CPU.Build.0 = Debug|Any CPU
		{1A55FF0E-024E-424A-B34D-C0CB951CFD50}.Release|Any CPU.ActiveCfg = Release|Any CPU
		{1A55FF0E-024E-424A-B34D-C0CB951CFD50}.Release|Any CPU.Build.0 = Release|Any CPU
		{E2DDD1C7-2E82-460A-ACB0-D59DD400F971}.Debug|Any CPU.ActiveCfg = Debug|Any CPU
		{E2DDD1C7-2E82-460A-ACB0-D59DD400F971}.Debug|Any CPU.Build.0 = Debug|Any CPU
		{E2DDD1C7-2E82-460A-ACB0-D59DD400F971}.Release|Any CPU.ActiveCfg = Release|Any CPU
		{E2DDD1C7-2E82-460A-ACB0-D59DD400F971}.Release|Any CPU.Build.0 = Release|Any CPU
		{AB243F07-563C-40D4-AB6F-A88F914D9872}.Debug|Any CPU.ActiveCfg = Debug|Any CPU
		{AB243F07-563C-40D4-AB6F-A88F914D9872}.Debug|Any CPU.Build.0 = Debug|Any CPU
		{AB243F07-563C-40D4-AB6F-A88F914D9872}.Release|Any CPU.ActiveCfg = Release|Any CPU
		{AB243F07-563C-40D4-AB6F-A88F914D9872}.Release|Any CPU.Build.0 = Release|Any CPU
		{BDAEC8EB-3933-4FC5-9088-0137585AD933}.Debug|Any CPU.ActiveCfg = Debug|Any CPU
		{BDAEC8EB-3933-4FC5-9088-0137585AD933}.Debug|Any CPU.Build.0 = Debug|Any CPU
		{BDAEC8EB-3933-4FC5-9088-0137585AD933}.Release|Any CPU.ActiveCfg = Release|Any CPU
		{BDAEC8EB-3933-4FC5-9088-0137585AD933}.Release|Any CPU.Build.0 = Release|Any CPU
	EndGlobalSection
EndGlobal
